// !$*UTF8*$!
{
	archiveVersion = 1;
	classes = {
	};
	objectVersion = 55;
	objects = {

/* Begin PBXBuildFile section */
		906350E32A31D94700915C6F /* AppDelegate.m in Sources */ = {isa = PBXBuildFile; fileRef = 906350E22A31D94700915C6F /* AppDelegate.m */; };
		906350E52A31D94800915C6F /* Assets.xcassets in Resources */ = {isa = PBXBuildFile; fileRef = 906350E42A31D94800915C6F /* Assets.xcassets */; };
		906350E82A31D94800915C6F /* MainMenu.xib in Resources */ = {isa = PBXBuildFile; fileRef = 906350E62A31D94800915C6F /* MainMenu.xib */; };
		906350EA2A31D94800915C6F /* main.m in Sources */ = {isa = PBXBuildFile; fileRef = 906350E92A31D94800915C6F /* main.m */; };
		906350F72A31D99800915C6F /* DefaultController.m in Sources */ = {isa = PBXBuildFile; fileRef = 906350F32A31D99800915C6F /* DefaultController.m */; };
		906350F82A31D99800915C6F /* DefaultNSOutlineViewDataSource.m in Sources */ = {isa = PBXBuildFile; fileRef = 906350F42A31D99800915C6F /* DefaultNSOutlineViewDataSource.m */; };
		906350F92A31D99800915C6F /* ViewController.m in Sources */ = {isa = PBXBuildFile; fileRef = 906350F52A31D99800915C6F /* ViewController.m */; };
/* End PBXBuildFile section */

/* Begin PBXFileReference section */
		906350DE2A31D94700915C6F /* cocoa-code-only.app */ = {isa = PBXFileReference; explicitFileType = wrapper.application; includeInIndex = 0; path = "cocoa-code-only.app"; sourceTree = BUILT_PRODUCTS_DIR; };
		906350E12A31D94700915C6F /* AppDelegate.h */ = {isa = PBXFileReference; lastKnownFileType = sourcecode.c.h; path = AppDelegate.h; sourceTree = "<group>"; };
		906350E22A31D94700915C6F /* AppDelegate.m */ = {isa = PBXFileReference; lastKnownFileType = sourcecode.c.objc; path = AppDelegate.m; sourceTree = "<group>"; };
		906350E42A31D94800915C6F /* Assets.xcassets */ = {isa = PBXFileReference; lastKnownFileType = folder.assetcatalog; path = Assets.xcassets; sourceTree = "<group>"; };
		906350E72A31D94800915C6F /* Base */ = {isa = PBXFileReference; lastKnownFileType = file.xib; name = Base; path = Base.lproj/MainMenu.xib; sourceTree = "<group>"; };
		906350E92A31D94800915C6F /* main.m */ = {isa = PBXFileReference; lastKnownFileType = sourcecode.c.objc; path = main.m; sourceTree = "<group>"; };
		906350EB2A31D94800915C6F /* cocoa_code_only.entitlements */ = {isa = PBXFileReference; lastKnownFileType = text.plist.entitlements; path = cocoa_code_only.entitlements; sourceTree = "<group>"; };
		906350F12A31D99800915C6F /* DefaultController.h */ = {isa = PBXFileReference; fileEncoding = 4; lastKnownFileType = sourcecode.c.h; path = DefaultController.h; sourceTree = "<group>"; };
		906350F22A31D99800915C6F /* DefaultNSOutlineViewDataSource.h */ = {isa = PBXFileReference; fileEncoding = 4; lastKnownFileType = sourcecode.c.h; path = DefaultNSOutlineViewDataSource.h; sourceTree = "<group>"; };
		906350F32A31D99800915C6F /* DefaultController.m */ = {isa = PBXFileReference; fileEncoding = 4; lastKnownFileType = sourcecode.c.objc; path = DefaultController.m; sourceTree = "<group>"; };
		906350F42A31D99800915C6F /* DefaultNSOutlineViewDataSource.m */ = {isa = PBXFileReference; fileEncoding = 4; lastKnownFileType = sourcecode.c.objc; path = DefaultNSOutlineViewDataSource.m; sourceTree = "<group>"; };
		906350F52A31D99800915C6F /* ViewController.m */ = {isa = PBXFileReference; fileEncoding = 4; lastKnownFileType = sourcecode.c.objc; path = ViewController.m; sourceTree = "<group>"; };
		906350F62A31D99800915C6F /* ViewController.h */ = {isa = PBXFileReference; fileEncoding = 4; lastKnownFileType = sourcecode.c.h; path = ViewController.h; sourceTree = "<group>"; };
/* End PBXFileReference section */

/* Begin PBXFrameworksBuildPhase section */
		906350DB2A31D94700915C6F /* Frameworks */ = {
			isa = PBXFrameworksBuildPhase;
			buildActionMask = 2147483647;
			files = (
			);
			runOnlyForDeploymentPostprocessing = 0;
		};
/* End PBXFrameworksBuildPhase section */

/* Begin PBXGroup section */
		906350D52A31D94700915C6F = {
			isa = PBXGroup;
			children = (
				906350E02A31D94700915C6F /* cocoa-code-only */,
				906350DF2A31D94700915C6F /* Products */,
			);
			sourceTree = "<group>";
		};
		906350DF2A31D94700915C6F /* Products */ = {
			isa = PBXGroup;
			children = (
				906350DE2A31D94700915C6F /* cocoa-code-only.app */,
			);
			name = Products;
			sourceTree = "<group>";
		};
		906350E02A31D94700915C6F /* cocoa-code-only */ = {
			isa = PBXGroup;
			children = (
				906350F12A31D99800915C6F /* DefaultController.h */,
				906350F32A31D99800915C6F /* DefaultController.m */,
				906350F22A31D99800915C6F /* DefaultNSOutlineViewDataSource.h */,
				906350F42A31D99800915C6F /* DefaultNSOutlineViewDataSource.m */,
				906350F62A31D99800915C6F /* ViewController.h */,
				906350F52A31D99800915C6F /* ViewController.m */,
				906350E12A31D94700915C6F /* AppDelegate.h */,
				906350E22A31D94700915C6F /* AppDelegate.m */,
				906350E42A31D94800915C6F /* Assets.xcassets */,
				906350E62A31D94800915C6F /* MainMenu.xib */,
				906350E92A31D94800915C6F /* main.m */,
				906350EB2A31D94800915C6F /* cocoa_code_only.entitlements */,
			);
			path = "cocoa-code-only";
			sourceTree = "<group>";
		};
/* End PBXGroup section */

/* Begin PBXNativeTarget section */
		906350DD2A31D94700915C6F /* cocoa-code-only */ = {
			isa = PBXNativeTarget;
			buildConfigurationList = 906350EE2A31D94800915C6F /* Build configuration list for PBXNativeTarget "cocoa-code-only" */;
			buildPhases = (
				906350DA2A31D94700915C6F /* Sources */,
				906350DB2A31D94700915C6F /* Frameworks */,
				906350DC2A31D94700915C6F /* Resources */,
			);
			buildRules = (
			);
			dependencies = (
			);
			name = "cocoa-code-only";
			productName = "cocoa-code-only";
			productReference = 906350DE2A31D94700915C6F /* cocoa-code-only.app */;
			productType = "com.apple.product-type.application";
		};
/* End PBXNativeTarget section */

/* Begin PBXProject section */
		906350D62A31D94700915C6F /* Project object */ = {
			isa = PBXProject;
			attributes = {
				BuildIndependentTargetsInParallel = 1;
				LastUpgradeCheck = 1320;
				TargetAttributes = {
					906350DD2A31D94700915C6F = {
						CreatedOnToolsVersion = 13.2.1;
					};
				};
			};
			buildConfigurationList = 906350D92A31D94700915C6F /* Build configuration list for PBXProject "cocoa-code-only" */;
			compatibilityVersion = "Xcode 13.0";
			developmentRegion = en;
			hasScannedForEncodings = 0;
			knownRegions = (
				en,
				Base,
			);
			mainGroup = 906350D52A31D94700915C6F;
			productRefGroup = 906350DF2A31D94700915C6F /* Products */;
			projectDirPath = "";
			projectRoot = "";
			targets = (
				906350DD2A31D94700915C6F /* cocoa-code-only */,
			);
		};
/* End PBXProject section */

/* Begin PBXResourcesBuildPhase section */
		906350DC2A31D94700915C6F /* Resources */ = {
			isa = PBXResourcesBuildPhase;
			buildActionMask = 2147483647;
			files = (
				906350E52A31D94800915C6F /* Assets.xcassets in Resources */,
				906350E82A31D94800915C6F /* MainMenu.xib in Resources */,
			);
			runOnlyForDeploymentPostprocessing = 0;
		};
/* End PBXResourcesBuildPhase section */

/* Begin PBXSourcesBuildPhase section */
		906350DA2A31D94700915C6F /* Sources */ = {
			isa = PBXSourcesBuildPhase;
			buildActionMask = 2147483647;
			files = (
				906350F72A31D99800915C6F /* DefaultController.m in Sources */,
				906350EA2A31D94800915C6F /* main.m in Sources */,
				906350F82A31D99800915C6F /* DefaultNSOutlineViewDataSource.m in Sources */,
				906350E32A31D94700915C6F /* AppDelegate.m in Sources */,
				906350F92A31D99800915C6F /* ViewController.m in Sources */,
			);
			runOnlyForDeploymentPostprocessing = 0;
		};
/* End PBXSourcesBuildPhase section */

/* Begin PBXVariantGroup section */
		906350E62A31D94800915C6F /* MainMenu.xib */ = {
			isa = PBXVariantGroup;
			children = (
				906350E72A31D94800915C6F /* Base */,
			);
			name = MainMenu.xib;
			sourceTree = "<group>";
		};
/* End PBXVariantGroup section */

/* Begin XCBuildConfiguration section */
		906350EC2A31D94800915C6F /* Debug */ = {
			isa = XCBuildConfiguration;
			buildSettings = {
				ALWAYS_SEARCH_USER_PATHS = NO;
				CLANG_ANALYZER_NONNULL = YES;
				CLANG_ANALYZER_NUMBER_OBJECT_CONVERSION = YES_AGGRESSIVE;
				CLANG_CXX_LANGUAGE_STANDARD = "gnu++17";
				CLANG_CXX_LIBRARY = "libc++";
				CLANG_ENABLE_MODULES = YES;
				CLANG_ENABLE_OBJC_ARC = YES;
				CLANG_ENABLE_OBJC_WEAK = YES;
				CLANG_WARN_BLOCK_CAPTURE_AUTORELEASING = YES;
				CLANG_WARN_BOOL_CONVERSION = YES;
				CLANG_WARN_COMMA = YES;
				CLANG_WARN_CONSTANT_CONVERSION = YES;
				CLANG_WARN_DEPRECATED_OBJC_IMPLEMENTATIONS = YES;
				CLANG_WARN_DIRECT_OBJC_ISA_USAGE = YES_ERROR;
				CLANG_WARN_DOCUMENTATION_COMMENTS = YES;
				CLANG_WARN_EMPTY_BODY = YES;
				CLANG_WARN_ENUM_CONVERSION = YES;
				CLANG_WARN_INFINITE_RECURSION = YES;
				CLANG_WARN_INT_CONVERSION = YES;
				CLANG_WARN_NON_LITERAL_NULL_CONVERSION = YES;
				CLANG_WARN_OBJC_IMPLICIT_RETAIN_SELF = YES;
				CLANG_WARN_OBJC_LITERAL_CONVERSION = YES;
				CLANG_WARN_OBJC_ROOT_CLASS = YES_ERROR;
				CLANG_WARN_QUOTED_INCLUDE_IN_FRAMEWORK_HEADER = YES;
				CLANG_WARN_RANGE_LOOP_ANALYSIS = YES;
				CLANG_WARN_STRICT_PROTOTYPES = YES;
				CLANG_WARN_SUSPICIOUS_MOVE = YES;
				CLANG_WARN_UNGUARDED_AVAILABILITY = YES_AGGRESSIVE;
				CLANG_WARN_UNREACHABLE_CODE = YES;
				CLANG_WARN__DUPLICATE_METHOD_MATCH = YES;
				COPY_PHASE_STRIP = NO;
				DEBUG_INFORMATION_FORMAT = dwarf;
				ENABLE_STRICT_OBJC_MSGSEND = YES;
				ENABLE_TESTABILITY = YES;
				GCC_C_LANGUAGE_STANDARD = gnu11;
				GCC_DYNAMIC_NO_PIC = NO;
				GCC_NO_COMMON_BLOCKS = YES;
				GCC_OPTIMIZATION_LEVEL = 0;
				GCC_PREPROCESSOR_DEFINITIONS = (
					"DEBUG=1",
					"$(inherited)",
				);
				GCC_WARN_64_TO_32_BIT_CONVERSION = YES;
				GCC_WARN_ABOUT_RETURN_TYPE = YES_ERROR;
				GCC_WARN_UNDECLARED_SELECTOR = YES;
				GCC_WARN_UNINITIALIZED_AUTOS = YES_AGGRESSIVE;
				GCC_WARN_UNUSED_FUNCTION = YES;
				GCC_WARN_UNUSED_VARIABLE = YES;
				MACOSX_DEPLOYMENT_TARGET = 11.7;
				MTL_ENABLE_DEBUG_INFO = INCLUDE_SOURCE;
				MTL_FAST_MATH = YES;
				ONLY_ACTIVE_ARCH = YES;
				SDKROOT = macosx;
			};
			name = Debug;
		};
		906350ED2A31D94800915C6F /* Release */ = {
			isa = XCBuildConfiguration;
			buildSettings = {
				ALWAYS_SEARCH_USER_PATHS = NO;
				CLANG_ANALYZER_NONNULL = YES;
				CLANG_ANALYZER_NUMBER_OBJECT_CONVERSION = YES_AGGRESSIVE;
				CLANG_CXX_LANGUAGE_STANDARD = "gnu++17";
				CLANG_CXX_LIBRARY = "libc++";
				CLANG_ENABLE_MODULES = YES;
				CLANG_ENABLE_OBJC_ARC = YES;
				CLANG_ENABLE_OBJC_WEAK = YES;
				CLANG_WARN_BLOCK_CAPTURE_AUTORELEASING = YES;
				CLANG_WARN_BOOL_CONVERSION = YES;
				CLANG_WARN_COMMA = YES;
				CLANG_WARN_CONSTANT_CONVERSION = YES;
				CLANG_WARN_DEPRECATED_OBJC_IMPLEMENTATIONS = YES;
				CLANG_WARN_DIRECT_OBJC_ISA_USAGE = YES_ERROR;
				CLANG_WARN_DOCUMENTATION_COMMENTS = YES;
				CLANG_WARN_EMPTY_BODY = YES;
				CLANG_WARN_ENUM_CONVERSION = YES;
				CLANG_WARN_INFINITE_RECURSION = YES;
				CLANG_WARN_INT_CONVERSION = YES;
				CLANG_WARN_NON_LITERAL_NULL_CONVERSION = YES;
				CLANG_WARN_OBJC_IMPLICIT_RETAIN_SELF = YES;
				CLANG_WARN_OBJC_LITERAL_CONVERSION = YES;
				CLANG_WARN_OBJC_ROOT_CLASS = YES_ERROR;
				CLANG_WARN_QUOTED_INCLUDE_IN_FRAMEWORK_HEADER = YES;
				CLANG_WARN_RANGE_LOOP_ANALYSIS = YES;
				CLANG_WARN_STRICT_PROTOTYPES = YES;
				CLANG_WARN_SUSPICIOUS_MOVE = YES;
				CLANG_WARN_UNGUARDED_AVAILABILITY = YES_AGGRESSIVE;
				CLANG_WARN_UNREACHABLE_CODE = YES;
				CLANG_WARN__DUPLICATE_METHOD_MATCH = YES;
				COPY_PHASE_STRIP = NO;
				DEBUG_INFORMATION_FORMAT = "dwarf-with-dsym";
				ENABLE_NS_ASSERTIONS = NO;
				ENABLE_STRICT_OBJC_MSGSEND = YES;
				GCC_C_LANGUAGE_STANDARD = gnu11;
				GCC_NO_COMMON_BLOCKS = YES;
				GCC_WARN_64_TO_32_BIT_CONVERSION = YES;
				GCC_WARN_ABOUT_RETURN_TYPE = YES_ERROR;
				GCC_WARN_UNDECLARED_SELECTOR = YES;
				GCC_WARN_UNINITIALIZED_AUTOS = YES_AGGRESSIVE;
				GCC_WARN_UNUSED_FUNCTION = YES;
				GCC_WARN_UNUSED_VARIABLE = YES;
				MACOSX_DEPLOYMENT_TARGET = 11.7;
				MTL_ENABLE_DEBUG_INFO = NO;
				MTL_FAST_MATH = YES;
				SDKROOT = macosx;
			};
			name = Release;
		};
		906350EF2A31D94800915C6F /* Debug */ = {
			isa = XCBuildConfiguration;
			buildSettings = {
				ASSETCATALOG_COMPILER_APPICON_NAME = AppIcon;
				ASSETCATALOG_COMPILER_GLOBAL_ACCENT_COLOR_NAME = AccentColor;
				CODE_SIGN_ENTITLEMENTS = "cocoa-code-only/cocoa_code_only.entitlements";
				CODE_SIGN_STYLE = Automatic;
				COMBINE_HIDPI_IMAGES = YES;
				CURRENT_PROJECT_VERSION = 1;
				GENERATE_INFOPLIST_FILE = YES;
				INFOPLIST_KEY_NSHumanReadableCopyright = "";
				INFOPLIST_KEY_NSMainNibFile = MainMenu;
				INFOPLIST_KEY_NSPrincipalClass = NSApplication;
				LD_RUNPATH_SEARCH_PATHS = (
					"$(inherited)",
					"@executable_path/../Frameworks",
				);
				MARKETING_VERSION = 1.0;
				PRODUCT_BUNDLE_IDENTIFIER = "a.cocoa-code-only";
				PRODUCT_NAME = "$(TARGET_NAME)";
				SWIFT_EMIT_LOC_STRINGS = YES;
			};
			name = Debug;
		};
		906350F02A31D94800915C6F /* Release */ = {
			isa = XCBuildConfiguration;
			buildSettings = {
				ASSETCATALOG_COMPILER_APPICON_NAME = AppIcon;
				ASSETCATALOG_COMPILER_GLOBAL_ACCENT_COLOR_NAME = AccentColor;
				CODE_SIGN_ENTITLEMENTS = "cocoa-code-only/cocoa_code_only.entitlements";
				CODE_SIGN_STYLE = Automatic;
				COMBINE_HIDPI_IMAGES = YES;
				CURRENT_PROJECT_VERSION = 1;
				GENERATE_INFOPLIST_FILE = YES;
				INFOPLIST_KEY_NSHumanReadableCopyright = "";
				INFOPLIST_KEY_NSMainNibFile = MainMenu;
				INFOPLIST_KEY_NSPrincipalClass = NSApplication;
				LD_RUNPATH_SEARCH_PATHS = (
					"$(inherited)",
					"@executable_path/../Frameworks",
				);
				MARKETING_VERSION = 1.0;
				PRODUCT_BUNDLE_IDENTIFIER = "a.cocoa-code-only";
				PRODUCT_NAME = "$(TARGET_NAME)";
				SWIFT_EMIT_LOC_STRINGS = YES;
			};
			name = Release;
		};
/* End XCBuildConfiguration section */

/* Begin XCConfigurationList section */
		906350D92A31D94700915C6F /* Build configuration list for PBXProject "cocoa-code-only" */ = {
			isa = XCConfigurationList;
			buildConfigurations = (
				906350EC2A31D94800915C6F /* Debug */,
				906350ED2A31D94800915C6F /* Release */,
			);
			defaultConfigurationIsVisible = 0;
			defaultConfigurationName = Release;
		};
		906350EE2A31D94800915C6F /* Build configuration list for PBXNativeTarget "cocoa-code-only" */ = {
			isa = XCConfigurationList;
			buildConfigurations = (
				906350EF2A31D94800915C6F /* Debug */,
				906350F02A31D94800915C6F /* Release */,
			);
			defaultConfigurationIsVisible = 0;
			defaultConfigurationName = Release;
		};
/* End XCConfigurationList section */
	};
	rootObject = 906350D62A31D94700915C6F /* Project object */;
}
